{
  "name": "bitfire-docs",
  "version": "0.0.0",
  "lockfileVersion": 3,
  "requires": true,
  "packages": {
    "": {
      "name": "bitfire-docs",
      "version": "0.0.0",
      "dependencies": {
        "@bitfire/tokens": "^2.1.0"
      }
    },
    "node_modules/@bitfire/tokens": {
      "version": "2.1.0",
      "resolved": "http://localhost:4873/@bitfire/tokens/-/tokens-2.1.0.tgz",
      "integrity": "sha512-Jvmu3Surujob2lt3Q3FTyNC6sDoP4mF+kFEWpWw35V7zQ20byHN9v2PRpmShIdsB3MTPA6FC8lHpl3YI3i47mA==",
      "license": "UNLICENSED"
    }
  }
}
